Microsoft Visual Studio Solution File, Format Version 12.00
# Visual Studio 2012
Project("{FAE04EC0-301F-11D3-BF4B-00C04F79EFBC}") = "arduino1", "arduino1.csproj", "{AFFE34C6-0215-40D6-BFC2-A353A8C9BF5A}"
EndProject
Global
	GlobalSection(SolutionConfigurationPlatforms) = preSolution
	Debug|Any CPU = Debug|Any CPU
	ExportDebug|Any CPU = ExportDebug|Any CPU
	ExportRelease|Any CPU = ExportRelease|Any CPU
	EndGlobalSection
	GlobalSection(ProjectConfigurationPlatforms) = postSolution
		{AFFE34C6-0215-40D6-BFC2-A353A8C9BF5A}.Debug|Any CPU.ActiveCfg = Debug|Any CPU
		{AFFE34C6-0215-40D6-BFC2-A353A8C9BF5A}.Debug|Any CPU.Build.0 = Debug|Any CPU
		{AFFE34C6-0215-40D6-BFC2-A353A8C9BF5A}.ExportDebug|Any CPU.ActiveCfg = ExportDebug|Any CPU
		{AFFE34C6-0215-40D6-BFC2-A353A8C9BF5A}.ExportDebug|Any CPU.Build.0 = ExportDebug|Any CPU
		{AFFE34C6-0215-40D6-BFC2-A353A8C9BF5A}.ExportRelease|Any CPU.ActiveCfg = ExportRelease|Any CPU
		{AFFE34C6-0215-40D6-BFC2-A353A8C9BF5A}.ExportRelease|Any CPU.Build.0 = ExportRelease|Any CPU
	EndGlobalSection
EndGlobal
